GEM
  remote: https://rubygems.org/
  specs:
    coderay (1.1.3)
    colorize (1.1.0)
    io-console (0.8.2)
    method_source (1.1.0)
    pry (0.16.0)
      coderay (~> 1.1)
      method_source (~> 1.0)
      reline (>= 0.6.0)
    reline (0.6.3)
      io-console (~> 0.5)

PLATFORMS
  ruby
  x86_64-linux

DEPENDENCIES
  colorize
  pry

CHECKSUMS
  coderay (1.1.3) sha256=dc530018a4684512f8f38143cd2a096c9f02a1fc2459edcfe534787a7fc77d4b
  colorize (1.1.0) sha256=30b5237f0603f6662ab8d1fc2bd4a96142b806c6415d79e45ef5fdc6a0cfc837
  io-console (0.8.2) sha256=d6e3ae7a7cc7574f4b8893b4fca2162e57a825b223a177b7afa236c5ef9814cc
  method_source (1.1.0) sha256=181301c9c45b731b4769bc81e8860e72f9161ad7d66dd99103c9ab84f560f5c5
  pry (0.16.0) sha256=d76c69065698ed1f85e717bd33d7942c38a50868f6b0673c636192b3d1b6054e
  reline (0.6.3) sha256=1198b04973565b36ec0f11542ab3f5cfeeec34823f4e54cebde90968092b1835

RUBY VERSION
  ruby 3.4.2

BUNDLED WITH
  4.0.5
